
Microsoft Visual Studio Solution File, Format Version 12.00
# Visual Studio Version 16
VisualStudioVersion = 16.0.29215.179
MinimumVisualStudioVersion = 10.0.40219.1
Project("{9A19103F-16F7-4668-BE54-9A1E7A4F7556}") = "Warehouse", "Warehouse\Warehouse.csproj", "{8E08B5DB-9701-435C-A16C-6F107C55D5F7}"
EndProject
Project("{9A19103F-16F7-4668-BE54-9A1E7A4F7556}") = "Warehouse.Events", "Warehouse.Events\Warehouse.Events.csproj", "{3C2909B6-1064-4D07-8C37-5861D4383274}"
EndProject
Global
	GlobalSection(SolutionConfigurationPlatforms) = preSolution
		Debug|Any CPU = Debug|Any CPU
		Release|Any CPU = Release|Any CPU
	EndGlobalSection
	GlobalSection(ProjectConfigurationPlatforms) = postSolution
		{8E08B5DB-9701-435C-A16C-6F107C55D5F7}.Debug|Any CPU.ActiveCfg = Debug|Any CPU
		{8E08B5DB-9701-435C-A16C-6F107C55D5F7}.Debug|Any CPU.Build.0 = Debug|Any CPU
		{8E08B5DB-9701-435C-A16C-6F107C55D5F7}.Release|Any CPU.ActiveCfg = Release|Any CPU
		{8E08B5DB-9701-435C-A16C-6F107C55D5F7}.Release|Any CPU.Build.0 = Release|Any CPU
		{3C2909B6-1064-4D07-8C37-5861D4383274}.Debug|Any CPU.ActiveCfg = Debug|Any CPU
		{3C2909B6-1064-4D07-8C37-5861D4383274}.Debug|Any CPU.Build.0 = Debug|Any CPU
		{3C2909B6-1064-4D07-8C37-5861D4383274}.Release|Any CPU.ActiveCfg = Release|Any CPU
		{3C2909B6-1064-4D07-8C37-5861D4383274}.Release|Any CPU.Build.0 = Release|Any CPU
	EndGlobalSection
	GlobalSection(SolutionProperties) = preSolution
		HideSolutionNode = FALSE
	EndGlobalSection
	GlobalSection(ExtensibilityGlobals) = postSolution
		SolutionGuid = {5F493FAF-FFE2-4FAE-99B1-8E91D1E83719}
	EndGlobalSection
EndGlobal
